// !$*UTF8*$!
{
	archiveVersion = 1;
	classes = {
	};
	objectVersion = 46;
	objects = {

/* Begin PBXBuildFile section */
		272A7B5B1DCC56AE00D83149 /* AppDelegate.swift in Sources */ = {isa = PBXBuildFile; fileRef = 272A7B5A1DCC56AE00D83149 /* AppDelegate.swift */; };
		272A7B5D1DCC56AE00D83149 /* ViewController.swift in Sources */ = {isa = PBXBuildFile; fileRef = 272A7B5C1DCC56AE00D83149 /* ViewController.swift */; };
		272A7B601DCC56AE00D83149 /* Main.storyboard in Resources */ = {isa = PBXBuildFile; fileRef = 272A7B5E1DCC56AE00D83149 /* Main.storyboard */; };
		272A7B621DCC56AE00D83149 /* Assets.xcassets in Resources */ = {isa = PBXBuildFile; fileRef = 272A7B611DCC56AE00D83149 /* Assets.xcassets */; };
		272A7B651DCC56AE00D83149 /* LaunchScreen.storyboard in Resources */ = {isa = PBXBuildFile; fileRef = 272A7B631DCC56AE00D83149 /* LaunchScreen.storyboard */; };
/* End PBXBuildFile section */

/* Begin PBXFileReference section */
		272A7B571DCC56AE00D83149 /* DYZB.app */ = {isa = PBXFileReference; explicitFileType = wrapper.application; includeInIndex = 0; path = DYZB.app; sourceTree = BUILT_PRODUCTS_DIR; };
		272A7B5A1DCC56AE00D83149 /* AppDelegate.swift */ = {isa = PBXFileReference; lastKnownFileType = sourcecode.swift; path = AppDelegate.swift; sourceTree = "<group>"; };
		272A7B5C1DCC56AE00D83149 /* ViewController.swift */ = {isa = PBXFileReference; lastKnownFileType = sourcecode.swift; path = ViewController.swift; sourceTree = "<group>"; };
		272A7B5F1DCC56AE00D83149 /* Base */ = {isa = PBXFileReference; lastKnownFileType = file.storyboard; name = Base; path = Base.lproj/Main.storyboard; sourceTree = "<group>"; };
		272A7B611DCC56AE00D83149 /* Assets.xcassets */ = {isa = PBXFileReference; lastKnownFileType = folder.assetcatalog; path = Assets.xcassets; sourceTree = "<group>"; };
		272A7B641DCC56AE00D83149 /* Base */ = {isa = PBXFileReference; lastKnownFileType = file.storyboard; name = Base; path = Base.lproj/LaunchScreen.storyboard; sourceTree = "<group>"; };
		272A7B661DCC56AE00D83149 /* Info.plist */ = {isa = PBXFileReference; lastKnownFileType = text.plist.xml; path = Info.plist; sourceTree = "<group>"; };
/* End PBXFileReference section */

/* Begin PBXFrameworksBuildPhase section */
		272A7B541DCC56AE00D83149 /* Frameworks */ = {
			isa = PBXFrameworksBuildPhase;
			buildActionMask = 2147483647;
			files = (
			);
			runOnlyForDeploymentPostprocessing = 0;
		};
/* End PBXFrameworksBuildPhase section */

/* Begin PBXGroup section */
		272A7B4E1DCC56AE00D83149 = {
			isa = PBXGroup;
			children = (
				272A7B591DCC56AE00D83149 /* DYZB */,
				272A7B581DCC56AE00D83149 /* Products */,
			);
			sourceTree = "<group>";
		};
		272A7B581DCC56AE00D83149 /* Products */ = {
			isa = PBXGroup;
			children = (
				272A7B571DCC56AE00D83149 /* DYZB.app */,
			);
			name = Products;
			sourceTree = "<group>";
		};
		272A7B591DCC56AE00D83149 /* DYZB */ = {
			isa = PBXGroup;
			children = (
				272A7B6C1DCC6A3100D83149 /* Classes */,
				272A7B5A1DCC56AE00D83149 /* AppDelegate.swift */,
				272A7B5C1DCC56AE00D83149 /* ViewController.swift */,
				272A7B5E1DCC56AE00D83149 /* Main.storyboard */,
				272A7B611DCC56AE00D83149 /* Assets.xcassets */,
				272A7B631DCC56AE00D83149 /* LaunchScreen.storyboard */,
				272A7B661DCC56AE00D83149 /* Info.plist */,
			);
			path = DYZB;
			sourceTree = "<group>";
		};
		272A7B6C1DCC6A3100D83149 /* Classes */ = {
			isa = PBXGroup;
			children = (
				272A7B791DCC6A3100D83149 /* Main */,
				272A7B811DCC6A3100D83149 /* Room */,
				272A7B711DCC6A3100D83149 /* Home */,
				272A7B751DCC6A3100D83149 /* Live */,
				272A7B6D1DCC6A3100D83149 /* Follow */,
				272A7B7D1DCC6A3100D83149 /* Profile */,
				272A7B851DCC6A3100D83149 /* Tools */,
			);
			path = Classes;
			sourceTree = "<group>";
		};
		272A7B6D1DCC6A3100D83149 /* Follow */ = {
			isa = PBXGroup;
			children = (
				272A7B6E1DCC6A3100D83149 /* Controller */,
				272A7B6F1DCC6A3100D83149 /* Model */,
				272A7B701DCC6A3100D83149 /* View */,
			);
			path = Follow;
			sourceTree = "<group>";
		};
		272A7B6E1DCC6A3100D83149 /* Controller */ = {
			isa = PBXGroup;
			children = (
			);
			path = Controller;
			sourceTree = "<group>";
		};
		272A7B6F1DCC6A3100D83149 /* Model */ = {
			isa = PBXGroup;
			children = (
			);
			path = Model;
			sourceTree = "<group>";
		};
		272A7B701DCC6A3100D83149 /* View */ = {
			isa = PBXGroup;
			children = (
			);
			path = View;
			sourceTree = "<group>";
		};
		272A7B711DCC6A3100D83149 /* Home */ = {
			isa = PBXGroup;
			children = (
				272A7B721DCC6A3100D83149 /* Controller */,
				272A7B731DCC6A3100D83149 /* Model */,
				272A7B741DCC6A3100D83149 /* View */,
			);
			path = Home;
			sourceTree = "<group>";
		};
		272A7B721DCC6A3100D83149 /* Controller */ = {
			isa = PBXGroup;
			children = (
			);
			path = Controller;
			sourceTree = "<group>";
		};
		272A7B731DCC6A3100D83149 /* Model */ = {
			isa = PBXGroup;
			children = (
			);
			path = Model;
			sourceTree = "<group>";
		};
		272A7B741DCC6A3100D83149 /* View */ = {
			isa = PBXGroup;
			children = (
			);
			path = View;
			sourceTree = "<group>";
		};
		272A7B751DCC6A3100D83149 /* Live */ = {
			isa = PBXGroup;
			children = (
				272A7B761DCC6A3100D83149 /* Controller */,
				272A7B771DCC6A3100D83149 /* Model */,
				272A7B781DCC6A3100D83149 /* View */,
			);
			path = Live;
			sourceTree = "<group>";
		};
		272A7B761DCC6A3100D83149 /* Controller */ = {
			isa = PBXGroup;
			children = (
			);
			path = Controller;
			sourceTree = "<group>";
		};
		272A7B771DCC6A3100D83149 /* Model */ = {
			isa = PBXGroup;
			children = (
			);
			path = Model;
			sourceTree = "<group>";
		};
		272A7B781DCC6A3100D83149 /* View */ = {
			isa = PBXGroup;
			children = (
			);
			path = View;
			sourceTree = "<group>";
		};
		272A7B791DCC6A3100D83149 /* Main */ = {
			isa = PBXGroup;
			children = (
				272A7B7A1DCC6A3100D83149 /* Controller */,
				272A7B7B1DCC6A3100D83149 /* Model */,
				272A7B7C1DCC6A3100D83149 /* View */,
			);
			path = Main;
			sourceTree = "<group>";
		};
		272A7B7A1DCC6A3100D83149 /* Controller */ = {
			isa = PBXGroup;
			children = (
			);
			path = Controller;
			sourceTree = "<group>";
		};
		272A7B7B1DCC6A3100D83149 /* Model */ = {
			isa = PBXGroup;
			children = (
			);
			path = Model;
			sourceTree = "<group>";
		};
		272A7B7C1DCC6A3100D83149 /* View */ = {
			isa = PBXGroup;
			children = (
			);
			path = View;
			sourceTree = "<group>";
		};
		272A7B7D1DCC6A3100D83149 /* Profile */ = {
			isa = PBXGroup;
			children = (
				272A7B7E1DCC6A3100D83149 /* Controller */,
				272A7B7F1DCC6A3100D83149 /* Model */,
				272A7B801DCC6A3100D83149 /* View */,
			);
			path = Profile;
			sourceTree = "<group>";
		};
		272A7B7E1DCC6A3100D83149 /* Controller */ = {
			isa = PBXGroup;
			children = (
			);
			path = Controller;
			sourceTree = "<group>";
		};
		272A7B7F1DCC6A3100D83149 /* Model */ = {
			isa = PBXGroup;
			children = (
			);
			path = Model;
			sourceTree = "<group>";
		};
		272A7B801DCC6A3100D83149 /* View */ = {
			isa = PBXGroup;
			children = (
			);
			path = View;
			sourceTree = "<group>";
		};
		272A7B811DCC6A3100D83149 /* Room */ = {
			isa = PBXGroup;
			children = (
				272A7B821DCC6A3100D83149 /* Controller */,
				272A7B831DCC6A3100D83149 /* Model */,
				272A7B841DCC6A3100D83149 /* View */,
			);
			path = Room;
			sourceTree = "<group>";
		};
		272A7B821DCC6A3100D83149 /* Controller */ = {
			isa = PBXGroup;
			children = (
			);
			path = Controller;
			sourceTree = "<group>";
		};
		272A7B831DCC6A3100D83149 /* Model */ = {
			isa = PBXGroup;
			children = (
			);
			path = Model;
			sourceTree = "<group>";
		};
		272A7B841DCC6A3100D83149 /* View */ = {
			isa = PBXGroup;
			children = (
			);
			path = View;
			sourceTree = "<group>";
		};
		272A7B851DCC6A3100D83149 /* Tools */ = {
			isa = PBXGroup;
			children = (
				272A7B861DCC6A3100D83149 /* Controller */,
				272A7B871DCC6A3100D83149 /* Model */,
				272A7B881DCC6A3100D83149 /* View */,
			);
			path = Tools;
			sourceTree = "<group>";
		};
		272A7B861DCC6A3100D83149 /* Controller */ = {
			isa = PBXGroup;
			children = (
			);
			path = Controller;
			sourceTree = "<group>";
		};
		272A7B871DCC6A3100D83149 /* Model */ = {
			isa = PBXGroup;
			children = (
			);
			path = Model;
			sourceTree = "<group>";
		};
		272A7B881DCC6A3100D83149 /* View */ = {
			isa = PBXGroup;
			children = (
			);
			path = View;
			sourceTree = "<group>";
		};
/* End PBXGroup section */

/* Begin PBXNativeTarget section */
		272A7B561DCC56AE00D83149 /* DYZB */ = {
			isa = PBXNativeTarget;
			buildConfigurationList = 272A7B691DCC56AE00D83149 /* Build configuration list for PBXNativeTarget "DYZB" */;
			buildPhases = (
				272A7B531DCC56AE00D83149 /* Sources */,
				272A7B541DCC56AE00D83149 /* Frameworks */,
				272A7B551DCC56AE00D83149 /* Resources */,
			);
			buildRules = (
			);
			dependencies = (
			);
			name = DYZB;
			productName = DYZB;
			productReference = 272A7B571DCC56AE00D83149 /* DYZB.app */;
			productType = "com.apple.product-type.application";
		};
/* End PBXNativeTarget section */

/* Begin PBXProject section */
		272A7B4F1DCC56AE00D83149 /* Project object */ = {
			isa = PBXProject;
			attributes = {
				LastSwiftUpdateCheck = 0800;
				LastUpgradeCheck = 0800;
				ORGANIZATIONNAME = abble;
				TargetAttributes = {
					272A7B561DCC56AE00D83149 = {
						CreatedOnToolsVersion = 8.0;
						DevelopmentTeam = QSB536EMQ7;
						ProvisioningStyle = Automatic;
					};
				};
			};
			buildConfigurationList = 272A7B521DCC56AE00D83149 /* Build configuration list for PBXProject "DYZB" */;
			compatibilityVersion = "Xcode 3.2";
			developmentRegion = English;
			hasScannedForEncodings = 0;
			knownRegions = (
				en,
				Base,
			);
			mainGroup = 272A7B4E1DCC56AE00D83149;
			productRefGroup = 272A7B581DCC56AE00D83149 /* Products */;
			projectDirPath = "";
			projectRoot = "";
			targets = (
				272A7B561DCC56AE00D83149 /* DYZB */,
			);
		};
/* End PBXProject section */

/* Begin PBXResourcesBuildPhase section */
		272A7B551DCC56AE00D83149 /* Resources */ = {
			isa = PBXResourcesBuildPhase;
			buildActionMask = 2147483647;
			files = (
				272A7B651DCC56AE00D83149 /* LaunchScreen.storyboard in Resources */,
				272A7B621DCC56AE00D83149 /* Assets.xcassets in Resources */,
				272A7B601DCC56AE00D83149 /* Main.storyboard in Resources */,
			);
			runOnlyForDeploymentPostprocessing = 0;
		};
/* End PBXResourcesBuildPhase section */

/* Begin PBXSourcesBuildPhase section */
		272A7B531DCC56AE00D83149 /* Sources */ = {
			isa = PBXSourcesBuildPhase;
			buildActionMask = 2147483647;
			files = (
				272A7B5D1DCC56AE00D83149 /* ViewController.swift in Sources */,
				272A7B5B1DCC56AE00D83149 /* AppDelegate.swift in Sources */,
			);
			runOnlyForDeploymentPostprocessing = 0;
		};
/* End PBXSourcesBuildPhase section */

/* Begin PBXVariantGroup section */
		272A7B5E1DCC56AE00D83149 /* Main.storyboard */ = {
			isa = PBXVariantGroup;
			children = (
				272A7B5F1DCC56AE00D83149 /* Base */,
			);
			name = Main.storyboard;
			sourceTree = "<group>";
		};
		272A7B631DCC56AE00D83149 /* LaunchScreen.storyboard */ = {
			isa = PBXVariantGroup;
			children = (
				272A7B641DCC56AE00D83149 /* Base */,
			);
			name = LaunchScreen.storyboard;
			sourceTree = "<group>";
		};
/* End PBXVariantGroup section */

/* Begin XCBuildConfiguration section */
		272A7B671DCC56AE00D83149 /* Debug */ = {
			isa = XCBuildConfiguration;
			buildSettings = {
				ALWAYS_SEARCH_USER_PATHS = NO;
				CLANG_ANALYZER_NONNULL = YES;
				CLANG_CXX_LANGUAGE_STANDARD = "gnu++0x";
				CLANG_CXX_LIBRARY = "libc++";
				CLANG_ENABLE_MODULES = YES;
				CLANG_ENABLE_OBJC_ARC = YES;
				CLANG_WARN_BOOL_CONVERSION = YES;
				CLANG_WARN_CONSTANT_CONVERSION = YES;
				CLANG_WARN_DIRECT_OBJC_ISA_USAGE = YES_ERROR;
				CLANG_WARN_DOCUMENTATION_COMMENTS = YES;
				CLANG_WARN_EMPTY_BODY = YES;
				CLANG_WARN_ENUM_CONVERSION = YES;
				CLANG_WARN_INFINITE_RECURSION = YES;
				CLANG_WARN_INT_CONVERSION = YES;
				CLANG_WARN_OBJC_ROOT_CLASS = YES_ERROR;
				CLANG_WARN_SUSPICIOUS_MOVES = YES;
				CLANG_WARN_UNREACHABLE_CODE = YES;
				CLANG_WARN__DUPLICATE_METHOD_MATCH = YES;
				"CODE_SIGN_IDENTITY[sdk=iphoneos*]" = "iPhone Developer";
				COPY_PHASE_STRIP = NO;
				DEBUG_INFORMATION_FORMAT = dwarf;
				ENABLE_STRICT_OBJC_MSGSEND = YES;
				ENABLE_TESTABILITY = YES;
				GCC_C_LANGUAGE_STANDARD = gnu99;
				GCC_DYNAMIC_NO_PIC = NO;
				GCC_NO_COMMON_BLOCKS = YES;
				GCC_OPTIMIZATION_LEVEL = 0;
				GCC_PREPROCESSOR_DEFINITIONS = (
					"DEBUG=1",
					"$(inherited)",
				);
				GCC_WARN_64_TO_32_BIT_CONVERSION = YES;
				GCC_WARN_ABOUT_RETURN_TYPE = YES_ERROR;
				GCC_WARN_UNDECLARED_SELECTOR = YES;
				GCC_WARN_UNINITIALIZED_AUTOS = YES_AGGRESSIVE;
				GCC_WARN_UNUSED_FUNCTION = YES;
				GCC_WARN_UNUSED_VARIABLE = YES;
				IPHONEOS_DEPLOYMENT_TARGET = 10.0;
				MTL_ENABLE_DEBUG_INFO = YES;
				ONLY_ACTIVE_ARCH = YES;
				SDKROOT = iphoneos;
				SWIFT_ACTIVE_COMPILATION_CONDITIONS = DEBUG;
				SWIFT_OPTIMIZATION_LEVEL = "-Onone";
			};
			name = Debug;
		};
		272A7B681DCC56AE00D83149 /* Release */ = {
			isa = XCBuildConfiguration;
			buildSettings = {
				ALWAYS_SEARCH_USER_PATHS = NO;
				CLANG_ANALYZER_NONNULL = YES;
				CLANG_CXX_LANGUAGE_STANDARD = "gnu++0x";
				CLANG_CXX_LIBRARY = "libc++";
				CLANG_ENABLE_MODULES = YES;
				CLANG_ENABLE_OBJC_ARC = YES;
				CLANG_WARN_BOOL_CONVERSION = YES;
				CLANG_WARN_CONSTANT_CONVERSION = YES;
				CLANG_WARN_DIRECT_OBJC_ISA_USAGE = YES_ERROR;
				CLANG_WARN_DOCUMENTATION_COMMENTS = YES;
				CLANG_WARN_EMPTY_BODY = YES;
				CLANG_WARN_ENUM_CONVERSION = YES;
				CLANG_WARN_INFINITE_RECURSION = YES;
				CLANG_WARN_INT_CONVERSION = YES;
				CLANG_WARN_OBJC_ROOT_CLASS = YES_ERROR;
				CLANG_WARN_SUSPICIOUS_MOVES = YES;
				CLANG_WARN_UNREACHABLE_CODE = YES;
				CLANG_WARN__DUPLICATE_METHOD_MATCH = YES;
				"CODE_SIGN_IDENTITY[sdk=iphoneos*]" = "iPhone Developer";
				COPY_PHASE_STRIP = NO;
				DEBUG_INFORMATION_FORMAT = "dwarf-with-dsym";
				ENABLE_NS_ASSERTIONS = NO;
				ENABLE_STRICT_OBJC_MSGSEND = YES;
				GCC_C_LANGUAGE_STANDARD = gnu99;
				GCC_NO_COMMON_BLOCKS = YES;
				GCC_WARN_64_TO_32_BIT_CONVERSION = YES;
				GCC_WARN_ABOUT_RETURN_TYPE = YES_ERROR;
				GCC_WARN_UNDECLARED_SELECTOR = YES;
				GCC_WARN_UNINITIALIZED_AUTOS = YES_AGGRESSIVE;
				GCC_WARN_UNUSED_FUNCTION = YES;
				GCC_WARN_UNUSED_VARIABLE = YES;
				IPHONEOS_DEPLOYMENT_TARGET = 10.0;
				MTL_ENABLE_DEBUG_INFO = NO;
				SDKROOT = iphoneos;
				SWIFT_OPTIMIZATION_LEVEL = "-Owholemodule";
				VALIDATE_PRODUCT = YES;
			};
			name = Release;
		};
		272A7B6A1DCC56AE00D83149 /* Debug */ = {
			isa = XCBuildConfiguration;
			buildSettings = {
				ASSETCATALOG_COMPILER_APPICON_NAME = AppIcon;
				ASSETCATALOG_COMPILER_LAUNCHIMAGE_NAME = LaunchImage;
				DEVELOPMENT_TEAM = QSB536EMQ7;
				INFOPLIST_FILE = DYZB/Info.plist;
				IPHONEOS_DEPLOYMENT_TARGET = 9.0;
				LD_RUNPATH_SEARCH_PATHS = "$(inherited) @executable_path/Frameworks";
				PRODUCT_BUNDLE_IDENTIFIER = com.abble.DYZB;
				PRODUCT_NAME = "$(TARGET_NAME)";
				SWIFT_VERSION = 3.0;
			};
			name = Debug;
		};
		272A7B6B1DCC56AE00D83149 /* Release */ = {
			isa = XCBuildConfiguration;
			buildSettings = {
				ASSETCATALOG_COMPILER_APPICON_NAME = AppIcon;
				ASSETCATALOG_COMPILER_LAUNCHIMAGE_NAME = LaunchImage;
				DEVELOPMENT_TEAM = QSB536EMQ7;
				INFOPLIST_FILE = DYZB/Info.plist;
				IPHONEOS_DEPLOYMENT_TARGET = 9.0;
				LD_RUNPATH_SEARCH_PATHS = "$(inherited) @executable_path/Frameworks";
				PRODUCT_BUNDLE_IDENTIFIER = com.abble.DYZB;
				PRODUCT_NAME = "$(TARGET_NAME)";
				SWIFT_VERSION = 3.0;
			};
			name = Release;
		};
/* End XCBuildConfiguration section */

/* Begin XCConfigurationList section */
		272A7B521DCC56AE00D83149 /* Build configuration list for PBXProject "DYZB" */ = {
			isa = XCConfigurationList;
			buildConfigurations = (
				272A7B671DCC56AE00D83149 /* Debug */,
				272A7B681DCC56AE00D83149 /* Release */,
			);
			defaultConfigurationIsVisible = 0;
			defaultConfigurationName = Release;
		};
		272A7B691DCC56AE00D83149 /* Build configuration list for PBXNativeTarget "DYZB" */ = {
			isa = XCConfigurationList;
			buildConfigurations = (
				272A7B6A1DCC56AE00D83149 /* Debug */,
				272A7B6B1DCC56AE00D83149 /* Release */,
			);
			defaultConfigurationIsVisible = 0;
			defaultConfigurationName = Release;
		};
/* End XCConfigurationList section */
	};
	rootObject = 272A7B4F1DCC56AE00D83149 /* Project object */;
}
